
Microsoft Visual Studio Solution File, Format Version 12.00
# Visual Studio Version 17
VisualStudioVersion = 17.14.36203.30
MinimumVisualStudioVersion = 10.0.40219.1
Project("{FAE04EC0-301F-11D3-BF4B-00C04F79EFBC}") = "ForensicWhisperDeskZH", "ForensicWhisperDeskZH\ForensicWhisperDeskZH.csproj", "{61566C3B-8B0F-4F06-AAE8-D422F06E62C4}"
EndProject
Project("{FAE04EC0-301F-11D3-BF4B-00C04F79EFBC}") = "ModelDownloader", "ModelDownloader\ModelDownloader.csproj", "{ADB0EE2F-899A-4C48-A917-ACD65F5BAA22}"
EndProject
Project("{2150E333-8FDC-42A3-9474-1A3956D46DE8}") = "Solution Items", "Solution Items", "{8EC462FD-D22E-90A8-E5CE-7E832BA40C5D}"
	ProjectSection(SolutionItems) = preProject
		.github\workflows\build-and-publish-vsto.yml = .github\workflows\build-and-publish-vsto.yml
		LICENSE = LICENSE
		README.md = README.md
	EndProjectSection
EndProject
Global
	GlobalSection(SolutionConfigurationPlatforms) = preSolution
		Debug|Any CPU = Debug|Any CPU
		Release|Any CPU = Release|Any CPU
	EndGlobalSection
	GlobalSection(ProjectConfigurationPlatforms) = postSolution
		{61566C3B-8B0F-4F06-AAE8-D422F06E62C4}.Debug|Any CPU.ActiveCfg = Debug|Any CPU
		{61566C3B-8B0F-4F06-AAE8-D422F06E62C4}.Debug|Any CPU.Build.0 = Debug|Any CPU
		{61566C3B-8B0F-4F06-AAE8-D422F06E62C4}.Release|Any CPU.ActiveCfg = Release|Any CPU
		{61566C3B-8B0F-4F06-AAE8-D422F06E62C4}.Release|Any CPU.Build.0 = Release|Any CPU
		{ADB0EE2F-899A-4C48-A917-ACD65F5BAA22}.Debug|Any CPU.ActiveCfg = Debug|Any CPU
		{ADB0EE2F-899A-4C48-A917-ACD65F5BAA22}.Debug|Any CPU.Build.0 = Debug|Any CPU
		{ADB0EE2F-899A-4C48-A917-ACD65F5BAA22}.Release|Any CPU.ActiveCfg = Release|Any CPU
		{ADB0EE2F-899A-4C48-A917-ACD65F5BAA22}.Release|Any CPU.Build.0 = Release|Any CPU
	EndGlobalSection
	GlobalSection(SolutionProperties) = preSolution
		HideSolutionNode = FALSE
	EndGlobalSection
	GlobalSection(ExtensibilityGlobals) = postSolution
		SolutionGuid = {3FCF36B0-2F27-4DA0-A59C-9C17D44D5D9C}
	EndGlobalSection
EndGlobal
